
Microsoft Visual Studio Solution File, Format Version 12.00
# Visual Studio Version 17
VisualStudioVersion = 17.6.33829.357
MinimumVisualStudioVersion = 10.0.40219.1
Project("{9A19103F-16F7-4668-BE54-9A1E7A4F7556}") = "ShopOnline.web", "ShopOnline.web\ShopOnline.web.csproj", "{21BA3708-01D8-413E-9962-F5C50625F1BA}"
EndProject
Project("{9A19103F-16F7-4668-BE54-9A1E7A4F7556}") = "ShopOnline.Api", "ShopOnline.Api\ShopOnline.Api.csproj", "{713FEDD4-1344-4214-8C85-2613583382F9}"
EndProject
Project("{FAE04EC0-301F-11D3-BF4B-00C04F79EFBC}") = "ShopOnline.Models", "ShopOnline.Models\ShopOnline.Models.csproj", "{81BE6971-B850-40ED-AB1D-31B6C2063E21}"
EndProject
Global
	GlobalSection(SolutionConfigurationPlatforms) = preSolution
		Debug|Any CPU = Debug|Any CPU
		Release|Any CPU = Release|Any CPU
	EndGlobalSection
	GlobalSection(ProjectConfigurationPlatforms) = postSolution
		{21BA3708-01D8-413E-9962-F5C50625F1BA}.Debug|Any CPU.ActiveCfg = Debug|Any CPU
		{21BA3708-01D8-413E-9962-F5C50625F1BA}.Debug|Any CPU.Build.0 = Debug|Any CPU
		{21BA3708-01D8-413E-9962-F5C50625F1BA}.Release|Any CPU.ActiveCfg = Release|Any CPU
		{21BA3708-01D8-413E-9962-F5C50625F1BA}.Release|Any CPU.Build.0 = Release|Any CPU
		{713FEDD4-1344-4214-8C85-2613583382F9}.Debug|Any CPU.ActiveCfg = Debug|Any CPU
		{713FEDD4-1344-4214-8C85-2613583382F9}.Debug|Any CPU.Build.0 = Debug|Any CPU
		{713FEDD4-1344-4214-8C85-2613583382F9}.Release|Any CPU.ActiveCfg = Release|Any CPU
		{713FEDD4-1344-4214-8C85-2613583382F9}.Release|Any CPU.Build.0 = Release|Any CPU
		{81BE6971-B850-40ED-AB1D-31B6C2063E21}.Debug|Any CPU.ActiveCfg = Debug|Any CPU
		{81BE6971-B850-40ED-AB1D-31B6C2063E21}.Debug|Any CPU.Build.0 = Debug|Any CPU
		{81BE6971-B850-40ED-AB1D-31B6C2063E21}.Release|Any CPU.ActiveCfg = Release|Any CPU
		{81BE6971-B850-40ED-AB1D-31B6C2063E21}.Release|Any CPU.Build.0 = Release|Any CPU
	EndGlobalSection
	GlobalSection(SolutionProperties) = preSolution
		HideSolutionNode = FALSE
	EndGlobalSection
	GlobalSection(ExtensibilityGlobals) = postSolution
		SolutionGuid = {BB762566-B2C9-4E46-91FB-C2DADDD11812}
	EndGlobalSection
EndGlobal
